
Microsoft Visual Studio Solution File, Format Version 12.00
# Visual Studio Version 16
VisualStudioVersion = 16.0.29926.136
MinimumVisualStudioVersion = 10.0.40219.1
Project("{FAE04EC0-301F-11D3-BF4B-00C04F79EFBC}") = "TicketApp", "TicketApp\TicketApp.csproj", "{FDA41DF1-EA21-42CE-9C0E-19A463B1A71B}"
	ProjectSection(ProjectDependencies) = postProject
		{5B337100-FA33-494C-A5CA-C907A31CCE41} = {5B337100-FA33-494C-A5CA-C907A31CCE41}
		{EABBC557-BE30-4FDE-B4AB-7F6ACE5DB554} = {EABBC557-BE30-4FDE-B4AB-7F6ACE5DB554}
	EndProjectSection
EndProject
Project("{FAE04EC0-301F-11D3-BF4B-00C04F79EFBC}") = "Database", "Database\Database.csproj", "{5B337100-FA33-494C-A5CA-C907A31CCE41}"
EndProject
Project("{FAE04EC0-301F-11D3-BF4B-00C04F79EFBC}") = "Identity", "Identity\Identity.csproj", "{53C72BB7-3631-4329-8AB5-9C0609CFD2A3}"
EndProject
Project("{FAE04EC0-301F-11D3-BF4B-00C04F79EFBC}") = "Utils", "Utils\Utils.csproj", "{EABBC557-BE30-4FDE-B4AB-7F6ACE5DB554}"
EndProject
Global
	GlobalSection(SolutionConfigurationPlatforms) = preSolution
		Debug|Any CPU = Debug|Any CPU
		Release|Any CPU = Release|Any CPU
	EndGlobalSection
	GlobalSection(ProjectConfigurationPlatforms) = postSolution
		{FDA41DF1-EA21-42CE-9C0E-19A463B1A71B}.Debug|Any CPU.ActiveCfg = Debug|Any CPU
		{FDA41DF1-EA21-42CE-9C0E-19A463B1A71B}.Debug|Any CPU.Build.0 = Debug|Any CPU
		{FDA41DF1-EA21-42CE-9C0E-19A463B1A71B}.Release|Any CPU.ActiveCfg = Release|Any CPU
		{FDA41DF1-EA21-42CE-9C0E-19A463B1A71B}.Release|Any CPU.Build.0 = Release|Any CPU
		{5B337100-FA33-494C-A5CA-C907A31CCE41}.Debug|Any CPU.ActiveCfg = Debug|Any CPU
		{5B337100-FA33-494C-A5CA-C907A31CCE41}.Debug|Any CPU.Build.0 = Debug|Any CPU
		{5B337100-FA33-494C-A5CA-C907A31CCE41}.Release|Any CPU.ActiveCfg = Release|Any CPU
		{5B337100-FA33-494C-A5CA-C907A31CCE41}.Release|Any CPU.Build.0 = Release|Any CPU
		{53C72BB7-3631-4329-8AB5-9C0609CFD2A3}.Debug|Any CPU.ActiveCfg = Debug|Any CPU
		{53C72BB7-3631-4329-8AB5-9C0609CFD2A3}.Debug|Any CPU.Build.0 = Debug|Any CPU
		{53C72BB7-3631-4329-8AB5-9C0609CFD2A3}.Release|Any CPU.ActiveCfg = Release|Any CPU
		{53C72BB7-3631-4329-8AB5-9C0609CFD2A3}.Release|Any CPU.Build.0 = Release|Any CPU
		{EABBC557-BE30-4FDE-B4AB-7F6ACE5DB554}.Debug|Any CPU.ActiveCfg = Debug|Any CPU
		{EABBC557-BE30-4FDE-B4AB-7F6ACE5DB554}.Debug|Any CPU.Build.0 = Debug|Any CPU
		{EABBC557-BE30-4FDE-B4AB-7F6ACE5DB554}.Release|Any CPU.ActiveCfg = Release|Any CPU
		{EABBC557-BE30-4FDE-B4AB-7F6ACE5DB554}.Release|Any CPU.Build.0 = Release|Any CPU
	EndGlobalSection
	GlobalSection(SolutionProperties) = preSolution
		HideSolutionNode = FALSE
	EndGlobalSection
	GlobalSection(ExtensibilityGlobals) = postSolution
		SolutionGuid = {6B609F0C-5819-4F49-B636-A26DFA18A76D}
	EndGlobalSection
EndGlobal
